
Microsoft Visual Studio Solution File, Format Version 12.00
# Visual Studio Version 17
VisualStudioVersion = 17.11.35208.52
MinimumVisualStudioVersion = 10.0.40219.1
Project("{FAE04EC0-301F-11D3-BF4B-00C04F79EFBC}") = "CE1103-Tarea-Num2", "CE1103-Tarea-Num2.csproj", "{644BA03F-4B08-41CA-A5C1-3BF8987C214C}"
EndProject
Global
	GlobalSection(SolutionConfigurationPlatforms) = preSolution
		Debug|Any CPU = Debug|Any CPU
		Release|Any CPU = Release|Any CPU
	EndGlobalSection
	GlobalSection(ProjectConfigurationPlatforms) = postSolution
		{644BA03F-4B08-41CA-A5C1-3BF8987C214C}.Debug|Any CPU.ActiveCfg = Debug|Any CPU
		{644BA03F-4B08-41CA-A5C1-3BF8987C214C}.Debug|Any CPU.Build.0 = Debug|Any CPU
		{644BA03F-4B08-41CA-A5C1-3BF8987C214C}.Release|Any CPU.ActiveCfg = Release|Any CPU
		{644BA03F-4B08-41CA-A5C1-3BF8987C214C}.Release|Any CPU.Build.0 = Release|Any CPU
	EndGlobalSection
	GlobalSection(SolutionProperties) = preSolution
		HideSolutionNode = FALSE
	EndGlobalSection
	GlobalSection(ExtensibilityGlobals) = postSolution
		SolutionGuid = {A389DF5E-FD0E-414D-B688-680109019957}
	EndGlobalSection
EndGlobal
